// !$*UTF8*$!
{
	archiveVersion = 1;
	classes = {
	};
	objectVersion = 50;
	objects = {

/* Begin PBXBuildFile section */
		6A005FB8216B5D420028C491 /* English.xcdatamodeld in Sources */ = {isa = PBXBuildFile; fileRef = 6A005FB6216B5D420028C491 /* English.xcdatamodeld */; };
		6A005FBB216B68C10028C491 /* Default-568h@2x.png in Resources */ = {isa = PBXBuildFile; fileRef = 6A005FBA216B68C10028C491 /* Default-568h@2x.png */; };
		6A005FBF216B77550028C491 /* LoginResponse.swift in Sources */ = {isa = PBXBuildFile; fileRef = 6A005FBE216B77550028C491 /* LoginResponse.swift */; };
		6A0AA02721A6E9D10054C6C6 /* WordsViewController.swift in Sources */ = {isa = PBXBuildFile; fileRef = 6A0AA02621A6E9D10054C6C6 /* WordsViewController.swift */; };
		6A0AA02921A6EA050054C6C6 /* WordTableViewCell.swift in Sources */ = {isa = PBXBuildFile; fileRef = 6A0AA02821A6EA050054C6C6 /* WordTableViewCell.swift */; };
		6A0AA02B21AC07D60054C6C6 /* SubmenuViewController.swift in Sources */ = {isa = PBXBuildFile; fileRef = 6A0AA02A21AC07D60054C6C6 /* SubmenuViewController.swift */; };
		6A0AA02D21AC08580054C6C6 /* SubmenuLayout.swift in Sources */ = {isa = PBXBuildFile; fileRef = 6A0AA02C21AC08580054C6C6 /* SubmenuLayout.swift */; };
		6A82108021BA3B1E00AB4F14 /* ReadingViewController.swift in Sources */ = {isa = PBXBuildFile; fileRef = 6A82107F21BA3B1E00AB4F14 /* ReadingViewController.swift */; };
		6A82108721BA6BAC00AB4F14 /* ReadingModel.swift in Sources */ = {isa = PBXBuildFile; fileRef = 6A82108621BA6BAC00AB4F14 /* ReadingModel.swift */; };
		6A82109021BAAFDD00AB4F14 /* Colors.xcassets in Resources */ = {isa = PBXBuildFile; fileRef = 6A82108F21BAAFDD00AB4F14 /* Colors.xcassets */; };
		6A82109221BABA1A00AB4F14 /* DefinitionViewController.swift in Sources */ = {isa = PBXBuildFile; fileRef = 6A82109121BABA1A00AB4F14 /* DefinitionViewController.swift */; };
		6A82109421BAC97600AB4F14 /* LinguoWordModel.swift in Sources */ = {isa = PBXBuildFile; fileRef = 6A82109321BAC97600AB4F14 /* LinguoWordModel.swift */; };
		6A82109621BE724000AB4F14 /* ReadingTaskViewController.swift in Sources */ = {isa = PBXBuildFile; fileRef = 6A82109521BE723F00AB4F14 /* ReadingTaskViewController.swift */; };
		6A8A7628216DD0AB002355F8 /* Reachability.framework in Frameworks */ = {isa = PBXBuildFile; fileRef = 6A8A7619216DCEB9002355F8 /* Reachability.framework */; };
		6A8A762B216EFE64002355F8 /* WordsData.swift in Sources */ = {isa = PBXBuildFile; fileRef = 6A8A762A216EFE64002355F8 /* WordsData.swift */; };
		6A8C61E921AD376A006911E8 /* VocabularyViewController.swift in Sources */ = {isa = PBXBuildFile; fileRef = 6A8C61E821AD3769006911E8 /* VocabularyViewController.swift */; };
		6A8C61EB21AD4AEC006911E8 /* PageViewController.swift in Sources */ = {isa = PBXBuildFile; fileRef = 6A8C61EA21AD4AEC006911E8 /* PageViewController.swift */; };
		6A8C61F121AE6260006911E8 /* FinishViewController.swift in Sources */ = {isa = PBXBuildFile; fileRef = 6A8C61F021AE6260006911E8 /* FinishViewController.swift */; };
		6A981D9121C28D3000A8E846 /* ImageLoader.swift in Sources */ = {isa = PBXBuildFile; fileRef = 6A981D9021C28D3000A8E846 /* ImageLoader.swift */; };
		6A981D9821C2968500A8E846 /* AudioSynthesis.swift in Sources */ = {isa = PBXBuildFile; fileRef = 6A981D9721C2968500A8E846 /* AudioSynthesis.swift */; };
		6A981D9A21C29FBF00A8E846 /* ListeningViewController.swift in Sources */ = {isa = PBXBuildFile; fileRef = 6A981D9921C29FBF00A8E846 /* ListeningViewController.swift */; };
		6A981D9C21C2AE1F00A8E846 /* ListeningModel.swift in Sources */ = {isa = PBXBuildFile; fileRef = 6A981D9B21C2AE1F00A8E846 /* ListeningModel.swift */; };
		6A981D9F21C3AF7900A8E846 /* AnimationFrames.swift in Sources */ = {isa = PBXBuildFile; fileRef = 6A981D9E21C3AF7900A8E846 /* AnimationFrames.swift */; };
		6ACB776621AEC28000B3E366 /* VocTestViewController.swift in Sources */ = {isa = PBXBuildFile; fileRef = 6ACB776521AEC28000B3E366 /* VocTestViewController.swift */; };
		6ACB776D21B0079F00B3E366 /* Utils.swift in Sources */ = {isa = PBXBuildFile; fileRef = 6ACB776C21B0079F00B3E366 /* Utils.swift */; };
		6ACB776F21B0EA2100B3E366 /* PlayPauseButton.swift in Sources */ = {isa = PBXBuildFile; fileRef = 6ACB776E21B0EA2100B3E366 /* PlayPauseButton.swift */; };
		6ACB777121B0F36A00B3E366 /* CustomLoader.swift in Sources */ = {isa = PBXBuildFile; fileRef = 6ACB777021B0F36A00B3E366 /* CustomLoader.swift */; };
		6ACB777321B0F84F00B3E366 /* UIImage+Swift.swift in Sources */ = {isa = PBXBuildFile; fileRef = 6ACB777221B0F84F00B3E366 /* UIImage+Swift.swift */; };
		6ACB777521B0F9EB00B3E366 /* loading.gif in Resources */ = {isa = PBXBuildFile; fileRef = 6ACB777421B0F9EB00B3E366 /* loading.gif */; };
		6ACB777921B1599100B3E366 /* StudentsData.swift in Sources */ = {isa = PBXBuildFile; fileRef = 6ACB777821B1599100B3E366 /* StudentsData.swift */; };
		6ACB778021B7C71600B3E366 /* ProgressExtension.swift in Sources */ = {isa = PBXBuildFile; fileRef = 6ACB777F21B7C71600B3E366 /* ProgressExtension.swift */; };
		6ACB778321B7D95200B3E366 /* GrammarViewController.swift in Sources */ = {isa = PBXBuildFile; fileRef = 6ACB778221B7D95200B3E366 /* GrammarViewController.swift */; };
		6ACB778A21B7F41000B3E366 /* GrammarModel.swift in Sources */ = {isa = PBXBuildFile; fileRef = 6ACB778921B7F41000B3E366 /* GrammarModel.swift */; };
		6AEEFFB9215E23510069C8E1 /* Product.swift in Sources */ = {isa = PBXBuildFile; fileRef = 6AEEFFB8215E23510069C8E1 /* Product.swift */; };
		6AF29E96219AEB46009B9ABA /* ProfileModel.swift in Sources */ = {isa = PBXBuildFile; fileRef = 6AF29E95219AEB46009B9ABA /* ProfileModel.swift */; };
		6AF29E9D219BF57A009B9ABA /* MenuViewController.swift in Sources */ = {isa = PBXBuildFile; fileRef = 6AF29E9C219BF57A009B9ABA /* MenuViewController.swift */; };
		6AF29EA1219C4C85009B9ABA /* MenuTableViewCell.swift in Sources */ = {isa = PBXBuildFile; fileRef = 6AF29EA0219C4C85009B9ABA /* MenuTableViewCell.swift */; };
		6AF29EA4219C5439009B9ABA /* Inspirations.xcassets in Resources */ = {isa = PBXBuildFile; fileRef = 6AF29EA3219C5439009B9ABA /* Inspirations.xcassets */; };
		6AF29EA6219C5FF8009B9ABA /* MenuModel.swift in Sources */ = {isa = PBXBuildFile; fileRef = 6AF29EA5219C5FF8009B9ABA /* MenuModel.swift */; };
		6AF29EE4219D9391009B9ABA /* EnglishData.swift in Sources */ = {isa = PBXBuildFile; fileRef = 6AF29EE3219D9391009B9ABA /* EnglishData.swift */; };
		6AF29EE7219DA3D5009B9ABA /* LibraryApi.swift in Sources */ = {isa = PBXBuildFile; fileRef = 6AF29EE6219DA3D5009B9ABA /* LibraryApi.swift */; };
		6AF29EE921A27764009B9ABA /* Defaults.swift in Sources */ = {isa = PBXBuildFile; fileRef = 6AF29EE821A27764009B9ABA /* Defaults.swift */; };
		A6FFDE158423D9ED6FC45111 /* Pods_UIBEnglish.framework in Frameworks */ = {isa = PBXBuildFile; fileRef = E4AE999140E4468047D064DE /* Pods_UIBEnglish.framework */; };
		BEBDB7B4215B575500D15C11 /* AppDelegate.swift in Sources */ = {isa = PBXBuildFile; fileRef = BEBDB7B3215B575500D15C11 /* AppDelegate.swift */; };
		BEBDB7B6215B575500D15C11 /* ViewController.swift in Sources */ = {isa = PBXBuildFile; fileRef = BEBDB7B5215B575500D15C11 /* ViewController.swift */; };
		BEBDB7B9215B575500D15C11 /* Main.storyboard in Resources */ = {isa = PBXBuildFile; fileRef = BEBDB7B7215B575500D15C11 /* Main.storyboard */; };
		BEBDB7BB215B575600D15C11 /* Assets.xcassets in Resources */ = {isa = PBXBuildFile; fileRef = BEBDB7BA215B575600D15C11 /* Assets.xcassets */; };
		BEBDB7BE215B575600D15C11 /* LaunchScreen.storyboard in Resources */ = {isa = PBXBuildFile; fileRef = BEBDB7BC215B575600D15C11 /* LaunchScreen.storyboard */; };
		BEBDB7C6215BAC2E00D15C11 /* LoginPageViewController.swift in Sources */ = {isa = PBXBuildFile; fileRef = BEBDB7C5215BAC2E00D15C11 /* LoginPageViewController.swift */; };
/* End PBXBuildFile section */

/* Begin PBXContainerItemProxy section */
		6A8A7618216DCEB9002355F8 /* PBXContainerItemProxy */ = {
			isa = PBXContainerItemProxy;
			containerPortal = 6A8A7610216DCEB9002355F8 /* Reachability.xcodeproj */;
			proxyType = 2;
			remoteGlobalIDString = AA7344721BE7678B008AFE69;
			remoteInfo = Reachability;
		};
		6A8A761A216DCEB9002355F8 /* PBXContainerItemProxy */ = {
			isa = PBXContainerItemProxy;
			containerPortal = 6A8A7610216DCEB9002355F8 /* Reachability.xcodeproj */;
			proxyType = 2;
			remoteGlobalIDString = 335AD5972052EB22000D4D08;
			remoteInfo = ReachabilityTests;
		};
		6A8A761C216DCEB9002355F8 /* PBXContainerItemProxy */ = {
			isa = PBXContainerItemProxy;
			containerPortal = 6A8A7610216DCEB9002355F8 /* Reachability.xcodeproj */;
			proxyType = 2;
			remoteGlobalIDString = AA7344901BE76820008AFE69;
			remoteInfo = ReachabilitySample;
		};
		6A8A761E216DCEB9002355F8 /* PBXContainerItemProxy */ = {
			isa = PBXContainerItemProxy;
			containerPortal = 6A8A7610216DCEB9002355F8 /* Reachability.xcodeproj */;
			proxyType = 2;
			remoteGlobalIDString = 00C54B1F1C09CF67001C3F12;
			remoteInfo = ReachabilityMacSample;
		};
		6A8A7620216DCEB9002355F8 /* PBXContainerItemProxy */ = {
			isa = PBXContainerItemProxy;
			containerPortal = 6A8A7610216DCEB9002355F8 /* Reachability.xcodeproj */;
			proxyType = 2;
			remoteGlobalIDString = 57A45A011C197BE800384AE4;
			remoteInfo = ReachabilityAppleTVSample;
		};
/* End PBXContainerItemProxy section */

/* Begin PBXFileReference section */
		134FA33C3C51D87FFE873C0D /* Pods-UIBEnglish.debug.xcconfig */ = {isa = PBXFileReference; includeInIndex = 1; lastKnownFileType = text.xcconfig; name = "Pods-UIBEnglish.debug.xcconfig"; path = "Pods/Target Support Files/Pods-UIBEnglish/Pods-UIBEnglish.debug.xcconfig"; sourceTree = "<group>"; };
		68E82E0F38090CF065568149 /* Pods-UIBEnglish.release.xcconfig */ = {isa = PBXFileReference; includeInIndex = 1; lastKnownFileType = text.xcconfig; name = "Pods-UIBEnglish.release.xcconfig"; path = "Pods/Target Support Files/Pods-UIBEnglish/Pods-UIBEnglish.release.xcconfig"; sourceTree = "<group>"; };
		6A005FB7216B5D420028C491 /* English.xcdatamodel */ = {isa = PBXFileReference; lastKnownFileType = wrapper.xcdatamodel; path = English.xcdatamodel; sourceTree = "<group>"; };
		6A005FBA216B68C10028C491 /* Default-568h@2x.png */ = {isa = PBXFileReference; lastKnownFileType = image.png; path = "Default-568h@2x.png"; sourceTree = "<group>"; };
		6A005FBE216B77550028C491 /* LoginResponse.swift */ = {isa = PBXFileReference; lastKnownFileType = sourcecode.swift; path = LoginResponse.swift; sourceTree = "<group>"; };
		6A0AA02621A6E9D10054C6C6 /* WordsViewController.swift */ = {isa = PBXFileReference; lastKnownFileType = sourcecode.swift; path = WordsViewController.swift; sourceTree = "<group>"; };
		6A0AA02821A6EA050054C6C6 /* WordTableViewCell.swift */ = {isa = PBXFileReference; lastKnownFileType = sourcecode.swift; path = WordTableViewCell.swift; sourceTree = "<group>"; };
		6A0AA02A21AC07D60054C6C6 /* SubmenuViewController.swift */ = {isa = PBXFileReference; lastKnownFileType = sourcecode.swift; path = SubmenuViewController.swift; sourceTree = "<group>"; };
		6A0AA02C21AC08580054C6C6 /* SubmenuLayout.swift */ = {isa = PBXFileReference; lastKnownFileType = sourcecode.swift; path = SubmenuLayout.swift; sourceTree = "<group>"; };
		6A82107F21BA3B1E00AB4F14 /* ReadingViewController.swift */ = {isa = PBXFileReference; lastKnownFileType = sourcecode.swift; path = ReadingViewController.swift; sourceTree = "<group>"; };
		6A82108621BA6BAC00AB4F14 /* ReadingModel.swift */ = {isa = PBXFileReference; lastKnownFileType = sourcecode.swift; path = ReadingModel.swift; sourceTree = "<group>"; };
		6A82108F21BAAFDD00AB4F14 /* Colors.xcassets */ = {isa = PBXFileReference; lastKnownFileType = folder.assetcatalog; path = Colors.xcassets; sourceTree = "<group>"; };
		6A82109121BABA1A00AB4F14 /* DefinitionViewController.swift */ = {isa = PBXFileReference; lastKnownFileType = sourcecode.swift; path = DefinitionViewController.swift; sourceTree = "<group>"; };
		6A82109321BAC97600AB4F14 /* LinguoWordModel.swift */ = {isa = PBXFileReference; lastKnownFileType = sourcecode.swift; path = LinguoWordModel.swift; sourceTree = "<group>"; };
		6A82109521BE723F00AB4F14 /* ReadingTaskViewController.swift */ = {isa = PBXFileReference; lastKnownFileType = sourcecode.swift; path = ReadingTaskViewController.swift; sourceTree = "<group>"; };
		6A8A7610216DCEB9002355F8 /* Reachability.xcodeproj */ = {isa = PBXFileReference; lastKnownFileType = "wrapper.pb-project"; name = Reachability.xcodeproj; path = Carthage/Checkouts/Reachability.swift/Reachability.xcodeproj; sourceTree = "<group>"; };
		6A8A762A216EFE64002355F8 /* WordsData.swift */ = {isa = PBXFileReference; lastKnownFileType = sourcecode.swift; path = WordsData.swift; sourceTree = "<group>"; };
		6A8C61E821AD3769006911E8 /* VocabularyViewController.swift */ = {isa = PBXFileReference; lastKnownFileType = sourcecode.swift; path = VocabularyViewController.swift; sourceTree = "<group>"; };
		6A8C61EA21AD4AEC006911E8 /* PageViewController.swift */ = {isa = PBXFileReference; lastKnownFileType = sourcecode.swift; path = PageViewController.swift; sourceTree = "<group>"; };
		6A8C61F021AE6260006911E8 /* FinishViewController.swift */ = {isa = PBXFileReference; lastKnownFileType = sourcecode.swift; path = FinishViewController.swift; sourceTree = "<group>"; };
		6A981D9021C28D3000A8E846 /* ImageLoader.swift */ = {isa = PBXFileReference; lastKnownFileType = sourcecode.swift; path = ImageLoader.swift; sourceTree = "<group>"; };
		6A981D9721C2968500A8E846 /* AudioSynthesis.swift */ = {isa = PBXFileReference; lastKnownFileType = sourcecode.swift; path = AudioSynthesis.swift; sourceTree = "<group>"; };
		6A981D9921C29FBF00A8E846 /* ListeningViewController.swift */ = {isa = PBXFileReference; lastKnownFileType = sourcecode.swift; path = ListeningViewController.swift; sourceTree = "<group>"; };
		6A981D9B21C2AE1F00A8E846 /* ListeningModel.swift */ = {isa = PBXFileReference; lastKnownFileType = sourcecode.swift; path = ListeningModel.swift; sourceTree = "<group>"; };
		6A981D9E21C3AF7900A8E846 /* AnimationFrames.swift */ = {isa = PBXFileReference; lastKnownFileType = sourcecode.swift; path = AnimationFrames.swift; sourceTree = "<group>"; };
		6ACB776521AEC28000B3E366 /* VocTestViewController.swift */ = {isa = PBXFileReference; lastKnownFileType = sourcecode.swift; path = VocTestViewController.swift; sourceTree = "<group>"; };
		6ACB776C21B0079F00B3E366 /* Utils.swift */ = {isa = PBXFileReference; lastKnownFileType = sourcecode.swift; path = Utils.swift; sourceTree = "<group>"; };
		6ACB776E21B0EA2100B3E366 /* PlayPauseButton.swift */ = {isa = PBXFileReference; lastKnownFileType = sourcecode.swift; path = PlayPauseButton.swift; sourceTree = "<group>"; };
		6ACB777021B0F36A00B3E366 /* CustomLoader.swift */ = {isa = PBXFileReference; lastKnownFileType = sourcecode.swift; path = CustomLoader.swift; sourceTree = "<group>"; };
		6ACB777221B0F84F00B3E366 /* UIImage+Swift.swift */ = {isa = PBXFileReference; lastKnownFileType = sourcecode.swift; path = "UIImage+Swift.swift"; sourceTree = "<group>"; };
		6ACB777421B0F9EB00B3E366 /* loading.gif */ = {isa = PBXFileReference; lastKnownFileType = image.gif; name = loading.gif; path = ../../../Downloads/loading.gif; sourceTree = "<group>"; };
		6ACB777821B1599100B3E366 /* StudentsData.swift */ = {isa = PBXFileReference; lastKnownFileType = sourcecode.swift; path = StudentsData.swift; sourceTree = "<group>"; };
		6ACB777F21B7C71600B3E366 /* ProgressExtension.swift */ = {isa = PBXFileReference; lastKnownFileType = sourcecode.swift; path = ProgressExtension.swift; sourceTree = "<group>"; };
		6ACB778221B7D95200B3E366 /* GrammarViewController.swift */ = {isa = PBXFileReference; lastKnownFileType = sourcecode.swift; path = GrammarViewController.swift; sourceTree = "<group>"; };
		6ACB778921B7F41000B3E366 /* GrammarModel.swift */ = {isa = PBXFileReference; lastKnownFileType = sourcecode.swift; path = GrammarModel.swift; sourceTree = "<group>"; };
		6AEEFFB8215E23510069C8E1 /* Product.swift */ = {isa = PBXFileReference; lastKnownFileType = sourcecode.swift; path = Product.swift; sourceTree = "<group>"; };
		6AF29E95219AEB46009B9ABA /* ProfileModel.swift */ = {isa = PBXFileReference; lastKnownFileType = sourcecode.swift; path = ProfileModel.swift; sourceTree = "<group>"; };
		6AF29E9C219BF57A009B9ABA /* MenuViewController.swift */ = {isa = PBXFileReference; lastKnownFileType = sourcecode.swift; path = MenuViewController.swift; sourceTree = "<group>"; };
		6AF29EA0219C4C85009B9ABA /* MenuTableViewCell.swift */ = {isa = PBXFileReference; lastKnownFileType = sourcecode.swift; path = MenuTableViewCell.swift; sourceTree = "<group>"; };
		6AF29EA3219C5439009B9ABA /* Inspirations.xcassets */ = {isa = PBXFileReference; lastKnownFileType = folder.assetcatalog; name = Inspirations.xcassets; path = ../../../../Downloads/Ultravisual_Kit/Ultravisual_Starter/Ultravisual/Inspirations.xcassets; sourceTree = "<group>"; };
		6AF29EA5219C5FF8009B9ABA /* MenuModel.swift */ = {isa = PBXFileReference; lastKnownFileType = sourcecode.swift; path = MenuModel.swift; sourceTree = "<group>"; };
		6AF29EE3219D9391009B9ABA /* EnglishData.swift */ = {isa = PBXFileReference; lastKnownFileType = sourcecode.swift; path = EnglishData.swift; sourceTree = "<group>"; };
		6AF29EE6219DA3D5009B9ABA /* LibraryApi.swift */ = {isa = PBXFileReference; lastKnownFileType = sourcecode.swift; path = LibraryApi.swift; sourceTree = "<group>"; };
		6AF29EE821A27764009B9ABA /* Defaults.swift */ = {isa = PBXFileReference; lastKnownFileType = sourcecode.swift; path = Defaults.swift; sourceTree = "<group>"; };
		BEBDB7B0215B575500D15C11 /* UIBEnglish.app */ = {isa = PBXFileReference; explicitFileType = wrapper.application; includeInIndex = 0; path = UIBEnglish.app; sourceTree = BUILT_PRODUCTS_DIR; };
		BEBDB7B3215B575500D15C11 /* AppDelegate.swift */ = {isa = PBXFileReference; lastKnownFileType = sourcecode.swift; path = AppDelegate.swift; sourceTree = "<group>"; };
		BEBDB7B5215B575500D15C11 /* ViewController.swift */ = {isa = PBXFileReference; lastKnownFileType = sourcecode.swift; path = ViewController.swift; sourceTree = "<group>"; };
		BEBDB7B8215B575500D15C11 /* Base */ = {isa = PBXFileReference; lastKnownFileType = file.storyboard; name = Base; path = Base.lproj/Main.storyboard; sourceTree = "<group>"; };
		BEBDB7BA215B575600D15C11 /* Assets.xcassets */ = {isa = PBXFileReference; lastKnownFileType = folder.assetcatalog; path = Assets.xcassets; sourceTree = "<group>"; };
		BEBDB7BD215B575600D15C11 /* Base */ = {isa = PBXFileReference; lastKnownFileType = file.storyboard; name = Base; path = Base.lproj/LaunchScreen.storyboard; sourceTree = "<group>"; };
		BEBDB7BF215B575600D15C11 /* Info.plist */ = {isa = PBXFileReference; lastKnownFileType = text.plist.xml; path = Info.plist; sourceTree = "<group>"; };
		BEBDB7C5215BAC2E00D15C11 /* LoginPageViewController.swift */ = {isa = PBXFileReference; lastKnownFileType = sourcecode.swift; path = LoginPageViewController.swift; sourceTree = "<group>"; };
		E4AE999140E4468047D064DE /* Pods_UIBEnglish.framework */ = {isa = PBXFileReference; explicitFileType = wrapper.framework; includeInIndex = 0; path = Pods_UIBEnglish.framework; sourceTree = BUILT_PRODUCTS_DIR; };
/* End PBXFileReference section */

/* Begin PBXFrameworksBuildPhase section */
		BEBDB7AD215B575500D15C11 /* Frameworks */ = {
			isa = PBXFrameworksBuildPhase;
			buildActionMask = 2147483647;
			files = (
				6A8A7628216DD0AB002355F8 /* Reachability.framework in Frameworks */,
				A6FFDE158423D9ED6FC45111 /* Pods_UIBEnglish.framework in Frameworks */,
			);
			runOnlyForDeploymentPostprocessing = 0;
		};
/* End PBXFrameworksBuildPhase section */

/* Begin PBXGroup section */
		6400706BA68C90F5501EB6EB /* Frameworks */ = {
			isa = PBXGroup;
			children = (
				6A8A7610216DCEB9002355F8 /* Reachability.xcodeproj */,
				E4AE999140E4468047D064DE /* Pods_UIBEnglish.framework */,
			);
			name = Frameworks;
			sourceTree = "<group>";
		};
		6A8A7611216DCEB9002355F8 /* Products */ = {
			isa = PBXGroup;
			children = (
				6A8A7619216DCEB9002355F8 /* Reachability.framework */,
				6A8A761B216DCEB9002355F8 /* ReachabilityTests.xctest */,
				6A8A761D216DCEB9002355F8 /* ReachabilitySample.app */,
				6A8A761F216DCEB9002355F8 /* ReachabilityMacSample.app */,
				6A8A7621216DCEB9002355F8 /* ReachabilityAppleTVSample.app */,
			);
			name = Products;
			sourceTree = "<group>";
		};
		6A981D9D21C3AF5C00A8E846 /* UI Helpers */ = {
			isa = PBXGroup;
			children = (
				6ACB777F21B7C71600B3E366 /* ProgressExtension.swift */,
				6A981D9021C28D3000A8E846 /* ImageLoader.swift */,
				6A981D9E21C3AF7900A8E846 /* AnimationFrames.swift */,
			);
			path = "UI Helpers";
			sourceTree = "<group>";
		};
		6AC377F0219AE0350076BB16 /* View */ = {
			isa = PBXGroup;
			children = (
				BEBDB7B7215B575500D15C11 /* Main.storyboard */,
				6AF29EA0219C4C85009B9ABA /* MenuTableViewCell.swift */,
				6A0AA02821A6EA050054C6C6 /* WordTableViewCell.swift */,
				6A0AA02C21AC08580054C6C6 /* SubmenuLayout.swift */,
				6ACB776E21B0EA2100B3E366 /* PlayPauseButton.swift */,
				6ACB777021B0F36A00B3E366 /* CustomLoader.swift */,
				6ACB777221B0F84F00B3E366 /* UIImage+Swift.swift */,
			);
			path = View;
			sourceTree = "<group>";
		};
		6AC377F6219AE0400076BB16 /* Controller */ = {
			isa = PBXGroup;
			children = (
				BEBDB7C5215BAC2E00D15C11 /* LoginPageViewController.swift */,
				6AF29E9C219BF57A009B9ABA /* MenuViewController.swift */,
				BEBDB7B5215B575500D15C11 /* ViewController.swift */,
				6A0AA02621A6E9D10054C6C6 /* WordsViewController.swift */,
				6A0AA02A21AC07D60054C6C6 /* SubmenuViewController.swift */,
				6A8C61E821AD3769006911E8 /* VocabularyViewController.swift */,
				6A8C61EA21AD4AEC006911E8 /* PageViewController.swift */,
				6A8C61F021AE6260006911E8 /* FinishViewController.swift */,
				6ACB776521AEC28000B3E366 /* VocTestViewController.swift */,
				6ACB778221B7D95200B3E366 /* GrammarViewController.swift */,
				6A82107F21BA3B1E00AB4F14 /* ReadingViewController.swift */,
				6A82109121BABA1A00AB4F14 /* DefinitionViewController.swift */,
				6A82109521BE723F00AB4F14 /* ReadingTaskViewController.swift */,
				6A981D9921C29FBF00A8E846 /* ListeningViewController.swift */,
			);
			path = Controller;
			sourceTree = "<group>";
		};
		6AF29E8E219AEB2C009B9ABA /* Model */ = {
			isa = PBXGroup;
			children = (
				6AF29E95219AEB46009B9ABA /* ProfileModel.swift */,
				6AF29EA5219C5FF8009B9ABA /* MenuModel.swift */,
				6AF29EE3219D9391009B9ABA /* EnglishData.swift */,
				6A005FBE216B77550028C491 /* LoginResponse.swift */,
				6A8A762A216EFE64002355F8 /* WordsData.swift */,
				6ACB777821B1599100B3E366 /* StudentsData.swift */,
				6ACB778921B7F41000B3E366 /* GrammarModel.swift */,
				6A82108621BA6BAC00AB4F14 /* ReadingModel.swift */,
				6A82109321BAC97600AB4F14 /* LinguoWordModel.swift */,
				6A981D9B21C2AE1F00A8E846 /* ListeningModel.swift */,
			);
			path = Model;
			sourceTree = "<group>";
		};
		6AF29EA2219C53D4009B9ABA /* Assets */ = {
			isa = PBXGroup;
			children = (
				6AF29EA3219C5439009B9ABA /* Inspirations.xcassets */,
				BEBDB7BA215B575600D15C11 /* Assets.xcassets */,
				BEBDB7B3215B575500D15C11 /* AppDelegate.swift */,
				BEBDB7BC215B575600D15C11 /* LaunchScreen.storyboard */,
				6A82108F21BAAFDD00AB4F14 /* Colors.xcassets */,
			);
			path = Assets;
			sourceTree = "<group>";
		};
		6AF29EE5219DA3B8009B9ABA /* API */ = {
			isa = PBXGroup;
			children = (
				6AF29EE6219DA3D5009B9ABA /* LibraryApi.swift */,
				6AF29EE821A27764009B9ABA /* Defaults.swift */,
				6A981D9721C2968500A8E846 /* AudioSynthesis.swift */,
			);
			path = API;
			sourceTree = "<group>";
		};
		BEBDB7A7215B575500D15C11 = {
			isa = PBXGroup;
			children = (
				6A005FBA216B68C10028C491 /* Default-568h@2x.png */,
				BEBDB7B2215B575500D15C11 /* UIBEnglish */,
				BEBDB7B1215B575500D15C11 /* Products */,
				DBE21A575B9F15F5CAD03A17 /* Pods */,
				6400706BA68C90F5501EB6EB /* Frameworks */,
			);
			sourceTree = "<group>";
		};
		BEBDB7B1215B575500D15C11 /* Products */ = {
			isa = PBXGroup;
			children = (
				BEBDB7B0215B575500D15C11 /* UIBEnglish.app */,
			);
			name = Products;
			sourceTree = "<group>";
		};
		BEBDB7B2215B575500D15C11 /* UIBEnglish */ = {
			isa = PBXGroup;
			children = (
				6AF29EE5219DA3B8009B9ABA /* API */,
				6AF29EA2219C53D4009B9ABA /* Assets */,
				6AF29E8E219AEB2C009B9ABA /* Model */,
				6AC377F6219AE0400076BB16 /* Controller */,
				6AC377F0219AE0350076BB16 /* View */,
				BEBDB7BF215B575600D15C11 /* Info.plist */,
				6AEEFFB8215E23510069C8E1 /* Product.swift */,
				6A005FB6216B5D420028C491 /* English.xcdatamodeld */,
				6ACB776C21B0079F00B3E366 /* Utils.swift */,
				6ACB777421B0F9EB00B3E366 /* loading.gif */,
				6A981D9D21C3AF5C00A8E846 /* UI Helpers */,
			);
			path = UIBEnglish;
			sourceTree = "<group>";
		};
		DBE21A575B9F15F5CAD03A17 /* Pods */ = {
			isa = PBXGroup;
			children = (
				134FA33C3C51D87FFE873C0D /* Pods-UIBEnglish.debug.xcconfig */,
				68E82E0F38090CF065568149 /* Pods-UIBEnglish.release.xcconfig */,
			);
			name = Pods;
			sourceTree = "<group>";
		};
/* End PBXGroup section */

/* Begin PBXNativeTarget section */
		BEBDB7AF215B575500D15C11 /* UIBEnglish */ = {
			isa = PBXNativeTarget;
			buildConfigurationList = BEBDB7C2215B575600D15C11 /* Build configuration list for PBXNativeTarget "UIBEnglish" */;
			buildPhases = (
				9681AD8DAF9ECCB94BB90A67 /* [CP] Check Pods Manifest.lock */,
				BEBDB7AC215B575500D15C11 /* Sources */,
				BEBDB7AD215B575500D15C11 /* Frameworks */,
				BEBDB7AE215B575500D15C11 /* Resources */,
				9B0447739C19B42C36A40847 /* [CP] Embed Pods Frameworks */,
				6A8A7629216DD279002355F8 /* ShellScript */,
			);
			buildRules = (
			);
			dependencies = (
			);
			name = UIBEnglish;
			productName = UIBEnglish;
			productReference = BEBDB7B0215B575500D15C11 /* UIBEnglish.app */;
			productType = "com.apple.product-type.application";
		};
/* End PBXNativeTarget section */

/* Begin PBXProject section */
		BEBDB7A8215B575500D15C11 /* Project object */ = {
			isa = PBXProject;
			attributes = {
				LastSwiftUpdateCheck = 0940;
				LastUpgradeCheck = 0940;
				ORGANIZATIONNAME = UIB;
				TargetAttributes = {
					BEBDB7AF215B575500D15C11 = {
						CreatedOnToolsVersion = 9.4.1;
						LastSwiftMigration = 1000;
					};
				};
			};
			buildConfigurationList = BEBDB7AB215B575500D15C11 /* Build configuration list for PBXProject "UIBEnglish" */;
			compatibilityVersion = "Xcode 9.3";
			developmentRegion = en;
			hasScannedForEncodings = 0;
			knownRegions = (
				en,
				Base,
			);
			mainGroup = BEBDB7A7215B575500D15C11;
			productRefGroup = BEBDB7B1215B575500D15C11 /* Products */;
			projectDirPath = "";
			projectReferences = (
				{
					ProductGroup = 6A8A7611216DCEB9002355F8 /* Products */;
					ProjectRef = 6A8A7610216DCEB9002355F8 /* Reachability.xcodeproj */;
				},
			);
			projectRoot = "";
			targets = (
				BEBDB7AF215B575500D15C11 /* UIBEnglish */,
			);
		};
/* End PBXProject section */

/* Begin PBXReferenceProxy section */
		6A8A7619216DCEB9002355F8 /* Reachability.framework */ = {
			isa = PBXReferenceProxy;
			fileType = wrapper.framework;
			path = Reachability.framework;
			remoteRef = 6A8A7618216DCEB9002355F8 /* PBXContainerItemProxy */;
			sourceTree = BUILT_PRODUCTS_DIR;
		};
		6A8A761B216DCEB9002355F8 /* ReachabilityTests.xctest */ = {
			isa = PBXReferenceProxy;
			fileType = wrapper.cfbundle;
			path = ReachabilityTests.xctest;
			remoteRef = 6A8A761A216DCEB9002355F8 /* PBXContainerItemProxy */;
			sourceTree = BUILT_PRODUCTS_DIR;
		};
		6A8A761D216DCEB9002355F8 /* ReachabilitySample.app */ = {
			isa = PBXReferenceProxy;
			fileType = wrapper.application;
			path = ReachabilitySample.app;
			remoteRef = 6A8A761C216DCEB9002355F8 /* PBXContainerItemProxy */;
			sourceTree = BUILT_PRODUCTS_DIR;
		};
		6A8A761F216DCEB9002355F8 /* ReachabilityMacSample.app */ = {
			isa = PBXReferenceProxy;
			fileType = wrapper.application;
			path = ReachabilityMacSample.app;
			remoteRef = 6A8A761E216DCEB9002355F8 /* PBXContainerItemProxy */;
			sourceTree = BUILT_PRODUCTS_DIR;
		};
		6A8A7621216DCEB9002355F8 /* ReachabilityAppleTVSample.app */ = {
			isa = PBXReferenceProxy;
			fileType = wrapper.application;
			path = ReachabilityAppleTVSample.app;
			remoteRef = 6A8A7620216DCEB9002355F8 /* PBXContainerItemProxy */;
			sourceTree = BUILT_PRODUCTS_DIR;
		};
/* End PBXReferenceProxy section */

/* Begin PBXResourcesBuildPhase section */
		BEBDB7AE215B575500D15C11 /* Resources */ = {
			isa = PBXResourcesBuildPhase;
			buildActionMask = 2147483647;
			files = (
				BEBDB7BE215B575600D15C11 /* LaunchScreen.storyboard in Resources */,
				6A005FBB216B68C10028C491 /* Default-568h@2x.png in Resources */,
				BEBDB7BB215B575600D15C11 /* Assets.xcassets in Resources */,
				6ACB777521B0F9EB00B3E366 /* loading.gif in Resources */,
				6AF29EA4219C5439009B9ABA /* Inspirations.xcassets in Resources */,
				BEBDB7B9215B575500D15C11 /* Main.storyboard in Resources */,
				6A82109021BAAFDD00AB4F14 /* Colors.xcassets in Resources */,
			);
			runOnlyForDeploymentPostprocessing = 0;
		};
/* End PBXResourcesBuildPhase section */

/* Begin PBXShellScriptBuildPhase section */
		6A8A7629216DD279002355F8 /* ShellScript */ = {
			isa = PBXShellScriptBuildPhase;
			buildActionMask = 2147483647;
			files = (
			);
			inputFileListPaths = (
			);
			inputPaths = (
				"$(SRCROOT)/Carthage/Build/iOS/Reachability.framework",
			);
			outputFileListPaths = (
			);
			outputPaths = (
			);
			runOnlyForDeploymentPostprocessing = 0;
			shellPath = /bin/sh;
			shellScript = "# Type a script or drag a script file from your workspace to insert its path.\n";
		};
		9681AD8DAF9ECCB94BB90A67 /* [CP] Check Pods Manifest.lock */ = {
			isa = PBXShellScriptBuildPhase;
			buildActionMask = 2147483647;
			files = (
			);
			inputFileListPaths = (
			);
			inputPaths = (
				"${PODS_PODFILE_DIR_PATH}/Podfile.lock",
				"${PODS_ROOT}/Manifest.lock",
			);
			name = "[CP] Check Pods Manifest.lock";
			outputFileListPaths = (
			);
			outputPaths = (
				"$(DERIVED_FILE_DIR)/Pods-UIBEnglish-checkManifestLockResult.txt",
			);
			runOnlyForDeploymentPostprocessing = 0;
			shellPath = /bin/sh;
			shellScript = "diff \"${PODS_PODFILE_DIR_PATH}/Podfile.lock\" \"${PODS_ROOT}/Manifest.lock\" > /dev/null\nif [ $? != 0 ] ; then\n    # print error to STDERR\n    echo \"error: The sandbox is not in sync with the Podfile.lock. Run 'pod install' or update your CocoaPods installation.\" >&2\n    exit 1\nfi\n# This output is used by Xcode 'outputs' to avoid re-running this script phase.\necho \"SUCCESS\" > \"${SCRIPT_OUTPUT_FILE_0}\"\n";
			showEnvVarsInLog = 0;
		};
		9B0447739C19B42C36A40847 /* [CP] Embed Pods Frameworks */ = {
			isa = PBXShellScriptBuildPhase;
			buildActionMask = 2147483647;
			files = (
			);
			inputFileListPaths = (
			);
			inputPaths = (
				"${SRCROOT}/Pods/Target Support Files/Pods-UIBEnglish/Pods-UIBEnglish-frameworks.sh",
				"${BUILT_PRODUCTS_DIR}/Alamofire/Alamofire.framework",
				"${BUILT_PRODUCTS_DIR}/MBProgressHUD/MBProgressHUD.framework",
				"${BUILT_PRODUCTS_DIR}/ProgressHUD/ProgressHUD.framework",
				"${BUILT_PRODUCTS_DIR}/SwiftyJSON/SwiftyJSON.framework",
				"${BUILT_PRODUCTS_DIR}/UICircularProgressRing/UICircularProgressRing.framework",
				"${BUILT_PRODUCTS_DIR}/UPCarouselFlowLayout/UPCarouselFlowLayout.framework",
			);
			name = "[CP] Embed Pods Frameworks";
			outputFileListPaths = (
			);
			outputPaths = (
				"${TARGET_BUILD_DIR}/${FRAMEWORKS_FOLDER_PATH}/Alamofire.framework",
				"${TARGET_BUILD_DIR}/${FRAMEWORKS_FOLDER_PATH}/MBProgressHUD.framework",
				"${TARGET_BUILD_DIR}/${FRAMEWORKS_FOLDER_PATH}/ProgressHUD.framework",
				"${TARGET_BUILD_DIR}/${FRAMEWORKS_FOLDER_PATH}/SwiftyJSON.framework",
				"${TARGET_BUILD_DIR}/${FRAMEWORKS_FOLDER_PATH}/UICircularProgressRing.framework",
				"${TARGET_BUILD_DIR}/${FRAMEWORKS_FOLDER_PATH}/UPCarouselFlowLayout.framework",
			);
			runOnlyForDeploymentPostprocessing = 0;
			shellPath = /bin/sh;
			shellScript = "\"${SRCROOT}/Pods/Target Support Files/Pods-UIBEnglish/Pods-UIBEnglish-frameworks.sh\"\n";
			showEnvVarsInLog = 0;
		};
/* End PBXShellScriptBuildPhase section */

/* Begin PBXSourcesBuildPhase section */
		BEBDB7AC215B575500D15C11 /* Sources */ = {
			isa = PBXSourcesBuildPhase;
			buildActionMask = 2147483647;
			files = (
				6A82108021BA3B1E00AB4F14 /* ReadingViewController.swift in Sources */,
				BEBDB7C6215BAC2E00D15C11 /* LoginPageViewController.swift in Sources */,
				6A0AA02B21AC07D60054C6C6 /* SubmenuViewController.swift in Sources */,
				6A005FB8216B5D420028C491 /* English.xcdatamodeld in Sources */,
				6ACB777321B0F84F00B3E366 /* UIImage+Swift.swift in Sources */,
				6A82109421BAC97600AB4F14 /* LinguoWordModel.swift in Sources */,
				6A005FBF216B77550028C491 /* LoginResponse.swift in Sources */,
				6AF29E96219AEB46009B9ABA /* ProfileModel.swift in Sources */,
				6A0AA02721A6E9D10054C6C6 /* WordsViewController.swift in Sources */,
				6AF29EE4219D9391009B9ABA /* EnglishData.swift in Sources */,
				6ACB778021B7C71600B3E366 /* ProgressExtension.swift in Sources */,
				6AF29E9D219BF57A009B9ABA /* MenuViewController.swift in Sources */,
				6A981D9821C2968500A8E846 /* AudioSynthesis.swift in Sources */,
				6A8C61E921AD376A006911E8 /* VocabularyViewController.swift in Sources */,
				6AEEFFB9215E23510069C8E1 /* Product.swift in Sources */,
				6A981D9121C28D3000A8E846 /* ImageLoader.swift in Sources */,
				6A0AA02D21AC08580054C6C6 /* SubmenuLayout.swift in Sources */,
				6A8C61EB21AD4AEC006911E8 /* PageViewController.swift in Sources */,
				6ACB778321B7D95200B3E366 /* GrammarViewController.swift in Sources */,
				6AF29EE7219DA3D5009B9ABA /* LibraryApi.swift in Sources */,
				6AF29EA1219C4C85009B9ABA /* MenuTableViewCell.swift in Sources */,
				6AF29EA6219C5FF8009B9ABA /* MenuModel.swift in Sources */,
				6ACB777921B1599100B3E366 /* StudentsData.swift in Sources */,
				6ACB778A21B7F41000B3E366 /* GrammarModel.swift in Sources */,
				6A981D9C21C2AE1F00A8E846 /* ListeningModel.swift in Sources */,
				6ACB776D21B0079F00B3E366 /* Utils.swift in Sources */,
				6ACB776F21B0EA2100B3E366 /* PlayPauseButton.swift in Sources */,
				6A981D9A21C29FBF00A8E846 /* ListeningViewController.swift in Sources */,
				6A0AA02921A6EA050054C6C6 /* WordTableViewCell.swift in Sources */,
				6A82108721BA6BAC00AB4F14 /* ReadingModel.swift in Sources */,
				6A981D9F21C3AF7900A8E846 /* AnimationFrames.swift in Sources */,
				BEBDB7B6215B575500D15C11 /* ViewController.swift in Sources */,
				6A8C61F121AE6260006911E8 /* FinishViewController.swift in Sources */,
				6A82109621BE724000AB4F14 /* ReadingTaskViewController.swift in Sources */,
				BEBDB7B4215B575500D15C11 /* AppDelegate.swift in Sources */,
				6A82109221BABA1A00AB4F14 /* DefinitionViewController.swift in Sources */,
				6ACB777121B0F36A00B3E366 /* CustomLoader.swift in Sources */,
				6AF29EE921A27764009B9ABA /* Defaults.swift in Sources */,
				6A8A762B216EFE64002355F8 /* WordsData.swift in Sources */,
				6ACB776621AEC28000B3E366 /* VocTestViewController.swift in Sources */,
			);
			runOnlyForDeploymentPostprocessing = 0;
		};
/* End PBXSourcesBuildPhase section */

/* Begin PBXVariantGroup section */
		BEBDB7B7215B575500D15C11 /* Main.storyboard */ = {
			isa = PBXVariantGroup;
			children = (
				BEBDB7B8215B575500D15C11 /* Base */,
			);
			name = Main.storyboard;
			sourceTree = "<group>";
		};
		BEBDB7BC215B575600D15C11 /* LaunchScreen.storyboard */ = {
			isa = PBXVariantGroup;
			children = (
				BEBDB7BD215B575600D15C11 /* Base */,
			);
			name = LaunchScreen.storyboard;
			sourceTree = "<group>";
		};
/* End PBXVariantGroup section */

/* Begin XCBuildConfiguration section */
		BEBDB7C0215B575600D15C11 /* Debug */ = {
			isa = XCBuildConfiguration;
			buildSettings = {
				ALWAYS_SEARCH_USER_PATHS = NO;
				CLANG_ANALYZER_NONNULL = YES;
				CLANG_ANALYZER_NUMBER_OBJECT_CONVERSION = YES_AGGRESSIVE;
				CLANG_CXX_LANGUAGE_STANDARD = "gnu++14";
				CLANG_CXX_LIBRARY = "libc++";
				CLANG_ENABLE_MODULES = YES;
				CLANG_ENABLE_OBJC_ARC = YES;
				CLANG_ENABLE_OBJC_WEAK = YES;
				CLANG_WARN_BLOCK_CAPTURE_AUTORELEASING = YES;
				CLANG_WARN_BOOL_CONVERSION = YES;
				CLANG_WARN_COMMA = YES;
				CLANG_WARN_CONSTANT_CONVERSION = YES;
				CLANG_WARN_DEPRECATED_OBJC_IMPLEMENTATIONS = YES;
				CLANG_WARN_DIRECT_OBJC_ISA_USAGE = YES_ERROR;
				CLANG_WARN_DOCUMENTATION_COMMENTS = YES;
				CLANG_WARN_EMPTY_BODY = YES;
				CLANG_WARN_ENUM_CONVERSION = YES;
				CLANG_WARN_INFINITE_RECURSION = YES;
				CLANG_WARN_INT_CONVERSION = YES;
				CLANG_WARN_NON_LITERAL_NULL_CONVERSION = YES;
				CLANG_WARN_OBJC_IMPLICIT_RETAIN_SELF = YES;
				CLANG_WARN_OBJC_LITERAL_CONVERSION = YES;
				CLANG_WARN_OBJC_ROOT_CLASS = YES_ERROR;
				CLANG_WARN_RANGE_LOOP_ANALYSIS = YES;
				CLANG_WARN_STRICT_PROTOTYPES = YES;
				CLANG_WARN_SUSPICIOUS_MOVE = YES;
				CLANG_WARN_UNGUARDED_AVAILABILITY = YES_AGGRESSIVE;
				CLANG_WARN_UNREACHABLE_CODE = YES;
				CLANG_WARN__DUPLICATE_METHOD_MATCH = YES;
				CODE_SIGN_IDENTITY = "iPhone Developer";
				COPY_PHASE_STRIP = NO;
				DEBUG_INFORMATION_FORMAT = dwarf;
				ENABLE_STRICT_OBJC_MSGSEND = YES;
				ENABLE_TESTABILITY = YES;
				GCC_C_LANGUAGE_STANDARD = gnu11;
				GCC_DYNAMIC_NO_PIC = NO;
				GCC_NO_COMMON_BLOCKS = YES;
				GCC_OPTIMIZATION_LEVEL = 0;
				GCC_PREPROCESSOR_DEFINITIONS = (
					"DEBUG=1",
					"$(inherited)",
				);
				GCC_WARN_64_TO_32_BIT_CONVERSION = YES;
				GCC_WARN_ABOUT_RETURN_TYPE = YES_ERROR;
				GCC_WARN_UNDECLARED_SELECTOR = YES;
				GCC_WARN_UNINITIALIZED_AUTOS = YES_AGGRESSIVE;
				GCC_WARN_UNUSED_FUNCTION = YES;
				GCC_WARN_UNUSED_VARIABLE = YES;
				IPHONEOS_DEPLOYMENT_TARGET = 11.4;
				MTL_ENABLE_DEBUG_INFO = YES;
				ONLY_ACTIVE_ARCH = YES;
				SDKROOT = iphoneos;
				SWIFT_ACTIVE_COMPILATION_CONDITIONS = DEBUG;
				SWIFT_OPTIMIZATION_LEVEL = "-Onone";
			};
			name = Debug;
		};
		BEBDB7C1215B575600D15C11 /* Release */ = {
			isa = XCBuildConfiguration;
			buildSettings = {
				ALWAYS_SEARCH_USER_PATHS = NO;
				CLANG_ANALYZER_NONNULL = YES;
				CLANG_ANALYZER_NUMBER_OBJECT_CONVERSION = YES_AGGRESSIVE;
				CLANG_CXX_LANGUAGE_STANDARD = "gnu++14";
				CLANG_CXX_LIBRARY = "libc++";
				CLANG_ENABLE_MODULES = YES;
				CLANG_ENABLE_OBJC_ARC = YES;
				CLANG_ENABLE_OBJC_WEAK = YES;
				CLANG_WARN_BLOCK_CAPTURE_AUTORELEASING = YES;
				CLANG_WARN_BOOL_CONVERSION = YES;
				CLANG_WARN_COMMA = YES;
				CLANG_WARN_CONSTANT_CONVERSION = YES;
				CLANG_WARN_DEPRECATED_OBJC_IMPLEMENTATIONS = YES;
				CLANG_WARN_DIRECT_OBJC_ISA_USAGE = YES_ERROR;
				CLANG_WARN_DOCUMENTATION_COMMENTS = YES;
				CLANG_WARN_EMPTY_BODY = YES;
				CLANG_WARN_ENUM_CONVERSION = YES;
				CLANG_WARN_INFINITE_RECURSION = YES;
				CLANG_WARN_INT_CONVERSION = YES;
				CLANG_WARN_NON_LITERAL_NULL_CONVERSION = YES;
				CLANG_WARN_OBJC_IMPLICIT_RETAIN_SELF = YES;
				CLANG_WARN_OBJC_LITERAL_CONVERSION = YES;
				CLANG_WARN_OBJC_ROOT_CLASS = YES_ERROR;
				CLANG_WARN_RANGE_LOOP_ANALYSIS = YES;
				CLANG_WARN_STRICT_PROTOTYPES = YES;
				CLANG_WARN_SUSPICIOUS_MOVE = YES;
				CLANG_WARN_UNGUARDED_AVAILABILITY = YES_AGGRESSIVE;
				CLANG_WARN_UNREACHABLE_CODE = YES;
				CLANG_WARN__DUPLICATE_METHOD_MATCH = YES;
				CODE_SIGN_IDENTITY = "iPhone Developer";
				COPY_PHASE_STRIP = NO;
				DEBUG_INFORMATION_FORMAT = "dwarf-with-dsym";
				ENABLE_NS_ASSERTIONS = NO;
				ENABLE_STRICT_OBJC_MSGSEND = YES;
				GCC_C_LANGUAGE_STANDARD = gnu11;
				GCC_NO_COMMON_BLOCKS = YES;
				GCC_WARN_64_TO_32_BIT_CONVERSION = YES;
				GCC_WARN_ABOUT_RETURN_TYPE = YES_ERROR;
				GCC_WARN_UNDECLARED_SELECTOR = YES;
				GCC_WARN_UNINITIALIZED_AUTOS = YES_AGGRESSIVE;
				GCC_WARN_UNUSED_FUNCTION = YES;
				GCC_WARN_UNUSED_VARIABLE = YES;
				IPHONEOS_DEPLOYMENT_TARGET = 11.4;
				MTL_ENABLE_DEBUG_INFO = NO;
				SDKROOT = iphoneos;
				SWIFT_COMPILATION_MODE = wholemodule;
				SWIFT_OPTIMIZATION_LEVEL = "-O";
				VALIDATE_PRODUCT = YES;
			};
			name = Release;
		};
		BEBDB7C3215B575600D15C11 /* Debug */ = {
			isa = XCBuildConfiguration;
			baseConfigurationReference = 134FA33C3C51D87FFE873C0D /* Pods-UIBEnglish.debug.xcconfig */;
			buildSettings = {
				ASSETCATALOG_COMPILER_APPICON_NAME = AppIcon;
				CODE_SIGN_STYLE = Automatic;
				INFOPLIST_FILE = UIBEnglish/Info.plist;
				LD_RUNPATH_SEARCH_PATHS = (
					"$(inherited)",
					"@executable_path/Frameworks",
				);
				PRODUCT_BUNDLE_IDENTIFIER = uib.UIBEnglish;
				PRODUCT_NAME = "$(TARGET_NAME)";
				SWIFT_VERSION = 4.2;
				TARGETED_DEVICE_FAMILY = "1,2";
			};
			name = Debug;
		};
		BEBDB7C4215B575600D15C11 /* Release */ = {
			isa = XCBuildConfiguration;
			baseConfigurationReference = 68E82E0F38090CF065568149 /* Pods-UIBEnglish.release.xcconfig */;
			buildSettings = {
				ASSETCATALOG_COMPILER_APPICON_NAME = AppIcon;
				CODE_SIGN_STYLE = Automatic;
				INFOPLIST_FILE = UIBEnglish/Info.plist;
				LD_RUNPATH_SEARCH_PATHS = (
					"$(inherited)",
					"@executable_path/Frameworks",
				);
				PRODUCT_BUNDLE_IDENTIFIER = uib.UIBEnglish;
				PRODUCT_NAME = "$(TARGET_NAME)";
				SWIFT_VERSION = 4.2;
				TARGETED_DEVICE_FAMILY = "1,2";
			};
			name = Release;
		};
/* End XCBuildConfiguration section */

/* Begin XCConfigurationList section */
		BEBDB7AB215B575500D15C11 /* Build configuration list for PBXProject "UIBEnglish" */ = {
			isa = XCConfigurationList;
			buildConfigurations = (
				BEBDB7C0215B575600D15C11 /* Debug */,
				BEBDB7C1215B575600D15C11 /* Release */,
			);
			defaultConfigurationIsVisible = 0;
			defaultConfigurationName = Release;
		};
		BEBDB7C2215B575600D15C11 /* Build configuration list for PBXNativeTarget "UIBEnglish" */ = {
			isa = XCConfigurationList;
			buildConfigurations = (
				BEBDB7C3215B575600D15C11 /* Debug */,
				BEBDB7C4215B575600D15C11 /* Release */,
			);
			defaultConfigurationIsVisible = 0;
			defaultConfigurationName = Release;
		};
/* End XCConfigurationList section */

/* Begin XCVersionGroup section */
		6A005FB6216B5D420028C491 /* English.xcdatamodeld */ = {
			isa = XCVersionGroup;
			children = (
				6A005FB7216B5D420028C491 /* English.xcdatamodel */,
			);
			currentVersion = 6A005FB7216B5D420028C491 /* English.xcdatamodel */;
			path = English.xcdatamodeld;
			sourceTree = "<group>";
			versionGroupType = wrapper.xcdatamodel;
		};
/* End XCVersionGroup section */
	};
	rootObject = BEBDB7A8215B575500D15C11 /* Project object */;
}
